
Microsoft Visual Studio Solution File, Format Version 12.00
# Visual Studio 15
VisualStudioVersion = 15.0.27004.2005
MinimumVisualStudioVersion = 10.0.40219.1
Project("{FAE04EC0-301F-11D3-BF4B-00C04F79EFBC}") = "CSharp Lesson_01", "Lesson_01\CSharp Lesson_01.csproj", "{2CEB4646-224C-4E47-91F3-3C1C24FDB2C9}"
EndProject
Project("{FAE04EC0-301F-11D3-BF4B-00C04F79EFBC}") = "CSharp Lesson_02", "Lesson_02\CSharp Lesson_02.csproj", "{43623939-5234-4812-8DC8-3E1C11F5F011}"
EndProject
Project("{FAE04EC0-301F-11D3-BF4B-00C04F79EFBC}") = "Lesson_03_LocalVariable", "Lesson_03_LocalVariable\Lesson_03_LocalVariable.csproj", "{466CC59A-912F-41BB-A7DC-EA43B43BD5DB}"
EndProject
Project("{FAE04EC0-301F-11D3-BF4B-00C04F79EFBC}") = "Lesson_04_Ef_Else", "Lesson_04_Ef_Else\Lesson_04_Ef_Else.csproj", "{F2276ADB-57E2-4AF6-8BA4-D0236EEEE6D2}"
EndProject
Project("{FAE04EC0-301F-11D3-BF4B-00C04F79EFBC}") = "Lesson_01_WFA", "Lesson_01_WFA\Lesson_01_WFA.csproj", "{7F940332-47A4-41B5-A494-116CBCB734C6}"
EndProject
Project("{FAE04EC0-301F-11D3-BF4B-00C04F79EFBC}") = "Lesson_MS_01", "Lesson_MS_01\Lesson_MS_01.csproj", "{00B0EE85-0C2F-421B-8258-33B7D7A68A3B}"
EndProject
Project("{FAE04EC0-301F-11D3-BF4B-00C04F79EFBC}") = "Read_file", "Read_file\Read_file.csproj", "{4738E97B-0C85-42C1-80D3-2CA0E641F779}"
EndProject
Project("{FAE04EC0-301F-11D3-BF4B-00C04F79EFBC}") = "Murray-Davis formula_WPF", "Murray-Davis formula_WPF\Murray-Davis formula_WPF.csproj", "{D2BF1E79-D462-44EE-94F5-4E69ECDEEE41}"
EndProject
Project("{FAE04EC0-301F-11D3-BF4B-00C04F79EFBC}") = "WPF_Elements", "WPF_Elements\WPF_Elements.csproj", "{FBCB4E1F-F43C-4CD7-A5CB-A583702F41A0}"
EndProject
Project("{FAE04EC0-301F-11D3-BF4B-00C04F79EFBC}") = "Interface_01", "Interface_01\Interface_01.csproj", "{A494CD8D-7BC0-470B-8081-1CFEEFC98111}"
EndProject
Project("{FAE04EC0-301F-11D3-BF4B-00C04F79EFBC}") = "MvvmExample", "Easy MVVM Example\C#\MvvmExample\MvvmExample.csproj", "{845FA2B6-500A-4757-A398-D0E7FDBEE2B5}"
EndProject
Project("{FAE04EC0-301F-11D3-BF4B-00C04F79EFBC}") = "WPF_Lesson_02", "WPF_Lesson_02\WPF_Lesson_02.csproj", "{C317E3C9-E284-4F31-A034-DBDF37D2E19D}"
EndProject
Project("{FAE04EC0-301F-11D3-BF4B-00C04F79EFBC}") = "WPF_lesson_03", "WPF_lesson_03\WPF_lesson_03.csproj", "{442FDAFD-7B73-4186-99EF-B0D33AAAD364}"
EndProject
Global
	GlobalSection(SolutionConfigurationPlatforms) = preSolution
		Debug|Any CPU = Debug|Any CPU
		Debug|x86 = Debug|x86
		Release|Any CPU = Release|Any CPU
		Release|x86 = Release|x86
	EndGlobalSection
	GlobalSection(ProjectConfigurationPlatforms) = postSolution
		{2CEB4646-224C-4E47-91F3-3C1C24FDB2C9}.Debug|Any CPU.ActiveCfg = Debug|Any CPU
		{2CEB4646-224C-4E47-91F3-3C1C24FDB2C9}.Debug|Any CPU.Build.0 = Debug|Any CPU
		{2CEB4646-224C-4E47-91F3-3C1C24FDB2C9}.Debug|x86.ActiveCfg = Debug|Any CPU
		{2CEB4646-224C-4E47-91F3-3C1C24FDB2C9}.Debug|x86.Build.0 = Debug|Any CPU
		{2CEB4646-224C-4E47-91F3-3C1C24FDB2C9}.Release|Any CPU.ActiveCfg = Release|Any CPU
		{2CEB4646-224C-4E47-91F3-3C1C24FDB2C9}.Release|Any CPU.Build.0 = Release|Any CPU
		{2CEB4646-224C-4E47-91F3-3C1C24FDB2C9}.Release|x86.ActiveCfg = Release|Any CPU
		{2CEB4646-224C-4E47-91F3-3C1C24FDB2C9}.Release|x86.Build.0 = Release|Any CPU
		{43623939-5234-4812-8DC8-3E1C11F5F011}.Debug|Any CPU.ActiveCfg = Debug|Any CPU
		{43623939-5234-4812-8DC8-3E1C11F5F011}.Debug|Any CPU.Build.0 = Debug|Any CPU
		{43623939-5234-4812-8DC8-3E1C11F5F011}.Debug|x86.ActiveCfg = Debug|Any CPU
		{43623939-5234-4812-8DC8-3E1C11F5F011}.Debug|x86.Build.0 = Debug|Any CPU
		{43623939-5234-4812-8DC8-3E1C11F5F011}.Release|Any CPU.ActiveCfg = Release|Any CPU
		{43623939-5234-4812-8DC8-3E1C11F5F011}.Release|Any CPU.Build.0 = Release|Any CPU
		{43623939-5234-4812-8DC8-3E1C11F5F011}.Release|x86.ActiveCfg = Release|Any CPU
		{43623939-5234-4812-8DC8-3E1C11F5F011}.Release|x86.Build.0 = Release|Any CPU
		{466CC59A-912F-41BB-A7DC-EA43B43BD5DB}.Debug|Any CPU.ActiveCfg = Debug|Any CPU
		{466CC59A-912F-41BB-A7DC-EA43B43BD5DB}.Debug|Any CPU.Build.0 = Debug|Any CPU
		{466CC59A-912F-41BB-A7DC-EA43B43BD5DB}.Debug|x86.ActiveCfg = Debug|Any CPU
		{466CC59A-912F-41BB-A7DC-EA43B43BD5DB}.Debug|x86.Build.0 = Debug|Any CPU
		{466CC59A-912F-41BB-A7DC-EA43B43BD5DB}.Release|Any CPU.ActiveCfg = Release|Any CPU
		{466CC59A-912F-41BB-A7DC-EA43B43BD5DB}.Release|Any CPU.Build.0 = Release|Any CPU
		{466CC59A-912F-41BB-A7DC-EA43B43BD5DB}.Release|x86.ActiveCfg = Release|Any CPU
		{466CC59A-912F-41BB-A7DC-EA43B43BD5DB}.Release|x86.Build.0 = Release|Any CPU
		{F2276ADB-57E2-4AF6-8BA4-D0236EEEE6D2}.Debug|Any CPU.ActiveCfg = Debug|Any CPU
		{F2276ADB-57E2-4AF6-8BA4-D0236EEEE6D2}.Debug|Any CPU.Build.0 = Debug|Any CPU
		{F2276ADB-57E2-4AF6-8BA4-D0236EEEE6D2}.Debug|x86.ActiveCfg = Debug|Any CPU
		{F2276ADB-57E2-4AF6-8BA4-D0236EEEE6D2}.Debug|x86.Build.0 = Debug|Any CPU
		{F2276ADB-57E2-4AF6-8BA4-D0236EEEE6D2}.Release|Any CPU.ActiveCfg = Release|Any CPU
		{F2276ADB-57E2-4AF6-8BA4-D0236EEEE6D2}.Release|Any CPU.Build.0 = Release|Any CPU
		{F2276ADB-57E2-4AF6-8BA4-D0236EEEE6D2}.Release|x86.ActiveCfg = Release|Any CPU
		{F2276ADB-57E2-4AF6-8BA4-D0236EEEE6D2}.Release|x86.Build.0 = Release|Any CPU
		{7F940332-47A4-41B5-A494-116CBCB734C6}.Debug|Any CPU.ActiveCfg = Debug|Any CPU
		{7F940332-47A4-41B5-A494-116CBCB734C6}.Debug|Any CPU.Build.0 = Debug|Any CPU
		{7F940332-47A4-41B5-A494-116CBCB734C6}.Debug|x86.ActiveCfg = Debug|Any CPU
		{7F940332-47A4-41B5-A494-116CBCB734C6}.Debug|x86.Build.0 = Debug|Any CPU
		{7F940332-47A4-41B5-A494-116CBCB734C6}.Release|Any CPU.ActiveCfg = Release|Any CPU
		{7F940332-47A4-41B5-A494-116CBCB734C6}.Release|Any CPU.Build.0 = Release|Any CPU
		{7F940332-47A4-41B5-A494-116CBCB734C6}.Release|x86.ActiveCfg = Release|Any CPU
		{7F940332-47A4-41B5-A494-116CBCB734C6}.Release|x86.Build.0 = Release|Any CPU
		{00B0EE85-0C2F-421B-8258-33B7D7A68A3B}.Debug|Any CPU.ActiveCfg = Debug|Any CPU
		{00B0EE85-0C2F-421B-8258-33B7D7A68A3B}.Debug|Any CPU.Build.0 = Debug|Any CPU
		{00B0EE85-0C2F-421B-8258-33B7D7A68A3B}.Debug|x86.ActiveCfg = Debug|Any CPU
		{00B0EE85-0C2F-421B-8258-33B7D7A68A3B}.Debug|x86.Build.0 = Debug|Any CPU
		{00B0EE85-0C2F-421B-8258-33B7D7A68A3B}.Release|Any CPU.ActiveCfg = Release|Any CPU
		{00B0EE85-0C2F-421B-8258-33B7D7A68A3B}.Release|Any CPU.Build.0 = Release|Any CPU
		{00B0EE85-0C2F-421B-8258-33B7D7A68A3B}.Release|x86.ActiveCfg = Release|Any CPU
		{00B0EE85-0C2F-421B-8258-33B7D7A68A3B}.Release|x86.Build.0 = Release|Any CPU
		{4738E97B-0C85-42C1-80D3-2CA0E641F779}.Debug|Any CPU.ActiveCfg = Debug|Any CPU
		{4738E97B-0C85-42C1-80D3-2CA0E641F779}.Debug|Any CPU.Build.0 = Debug|Any CPU
		{4738E97B-0C85-42C1-80D3-2CA0E641F779}.Debug|x86.ActiveCfg = Debug|Any CPU
		{4738E97B-0C85-42C1-80D3-2CA0E641F779}.Debug|x86.Build.0 = Debug|Any CPU
		{4738E97B-0C85-42C1-80D3-2CA0E641F779}.Release|Any CPU.ActiveCfg = Release|Any CPU
		{4738E97B-0C85-42C1-80D3-2CA0E641F779}.Release|Any CPU.Build.0 = Release|Any CPU
		{4738E97B-0C85-42C1-80D3-2CA0E641F779}.Release|x86.ActiveCfg = Release|Any CPU
		{4738E97B-0C85-42C1-80D3-2CA0E641F779}.Release|x86.Build.0 = Release|Any CPU
		{D2BF1E79-D462-44EE-94F5-4E69ECDEEE41}.Debug|Any CPU.ActiveCfg = Debug|Any CPU
		{D2BF1E79-D462-44EE-94F5-4E69ECDEEE41}.Debug|Any CPU.Build.0 = Debug|Any CPU
		{D2BF1E79-D462-44EE-94F5-4E69ECDEEE41}.Debug|x86.ActiveCfg = Debug|Any CPU
		{D2BF1E79-D462-44EE-94F5-4E69ECDEEE41}.Debug|x86.Build.0 = Debug|Any CPU
		{D2BF1E79-D462-44EE-94F5-4E69ECDEEE41}.Release|Any CPU.ActiveCfg = Release|Any CPU
		{D2BF1E79-D462-44EE-94F5-4E69ECDEEE41}.Release|Any CPU.Build.0 = Release|Any CPU
		{D2BF1E79-D462-44EE-94F5-4E69ECDEEE41}.Release|x86.ActiveCfg = Release|Any CPU
		{D2BF1E79-D462-44EE-94F5-4E69ECDEEE41}.Release|x86.Build.0 = Release|Any CPU
		{FBCB4E1F-F43C-4CD7-A5CB-A583702F41A0}.Debug|Any CPU.ActiveCfg = Debug|Any CPU
		{FBCB4E1F-F43C-4CD7-A5CB-A583702F41A0}.Debug|Any CPU.Build.0 = Debug|Any CPU
		{FBCB4E1F-F43C-4CD7-A5CB-A583702F41A0}.Debug|x86.ActiveCfg = Debug|Any CPU
		{FBCB4E1F-F43C-4CD7-A5CB-A583702F41A0}.Debug|x86.Build.0 = Debug|Any CPU
		{FBCB4E1F-F43C-4CD7-A5CB-A583702F41A0}.Release|Any CPU.ActiveCfg = Release|Any CPU
		{FBCB4E1F-F43C-4CD7-A5CB-A583702F41A0}.Release|Any CPU.Build.0 = Release|Any CPU
		{FBCB4E1F-F43C-4CD7-A5CB-A583702F41A0}.Release|x86.ActiveCfg = Release|Any CPU
		{FBCB4E1F-F43C-4CD7-A5CB-A583702F41A0}.Release|x86.Build.0 = Release|Any CPU
		{A494CD8D-7BC0-470B-8081-1CFEEFC98111}.Debug|Any CPU.ActiveCfg = Debug|Any CPU
		{A494CD8D-7BC0-470B-8081-1CFEEFC98111}.Debug|Any CPU.Build.0 = Debug|Any CPU
		{A494CD8D-7BC0-470B-8081-1CFEEFC98111}.Debug|x86.ActiveCfg = Debug|Any CPU
		{A494CD8D-7BC0-470B-8081-1CFEEFC98111}.Debug|x86.Build.0 = Debug|Any CPU
		{A494CD8D-7BC0-470B-8081-1CFEEFC98111}.Release|Any CPU.ActiveCfg = Release|Any CPU
		{A494CD8D-7BC0-470B-8081-1CFEEFC98111}.Release|Any CPU.Build.0 = Release|Any CPU
		{A494CD8D-7BC0-470B-8081-1CFEEFC98111}.Release|x86.ActiveCfg = Release|Any CPU
		{A494CD8D-7BC0-470B-8081-1CFEEFC98111}.Release|x86.Build.0 = Release|Any CPU
		{845FA2B6-500A-4757-A398-D0E7FDBEE2B5}.Debug|Any CPU.ActiveCfg = Debug|x86
		{845FA2B6-500A-4757-A398-D0E7FDBEE2B5}.Debug|x86.ActiveCfg = Debug|x86
		{845FA2B6-500A-4757-A398-D0E7FDBEE2B5}.Debug|x86.Build.0 = Debug|x86
		{845FA2B6-500A-4757-A398-D0E7FDBEE2B5}.Release|Any CPU.ActiveCfg = Release|x86
		{845FA2B6-500A-4757-A398-D0E7FDBEE2B5}.Release|x86.ActiveCfg = Release|x86
		{845FA2B6-500A-4757-A398-D0E7FDBEE2B5}.Release|x86.Build.0 = Release|x86
		{C317E3C9-E284-4F31-A034-DBDF37D2E19D}.Debug|Any CPU.ActiveCfg = Debug|Any CPU
		{C317E3C9-E284-4F31-A034-DBDF37D2E19D}.Debug|Any CPU.Build.0 = Debug|Any CPU
		{C317E3C9-E284-4F31-A034-DBDF37D2E19D}.Debug|x86.ActiveCfg = Debug|Any CPU
		{C317E3C9-E284-4F31-A034-DBDF37D2E19D}.Debug|x86.Build.0 = Debug|Any CPU
		{C317E3C9-E284-4F31-A034-DBDF37D2E19D}.Release|Any CPU.ActiveCfg = Release|Any CPU
		{C317E3C9-E284-4F31-A034-DBDF37D2E19D}.Release|Any CPU.Build.0 = Release|Any CPU
		{C317E3C9-E284-4F31-A034-DBDF37D2E19D}.Release|x86.ActiveCfg = Release|Any CPU
		{C317E3C9-E284-4F31-A034-DBDF37D2E19D}.Release|x86.Build.0 = Release|Any CPU
		{442FDAFD-7B73-4186-99EF-B0D33AAAD364}.Debug|Any CPU.ActiveCfg = Debug|Any CPU
		{442FDAFD-7B73-4186-99EF-B0D33AAAD364}.Debug|Any CPU.Build.0 = Debug|Any CPU
		{442FDAFD-7B73-4186-99EF-B0D33AAAD364}.Debug|x86.ActiveCfg = Debug|Any CPU
		{442FDAFD-7B73-4186-99EF-B0D33AAAD364}.Debug|x86.Build.0 = Debug|Any CPU
		{442FDAFD-7B73-4186-99EF-B0D33AAAD364}.Release|Any CPU.ActiveCfg = Release|Any CPU
		{442FDAFD-7B73-4186-99EF-B0D33AAAD364}.Release|Any CPU.Build.0 = Release|Any CPU
		{442FDAFD-7B73-4186-99EF-B0D33AAAD364}.Release|x86.ActiveCfg = Release|Any CPU
		{442FDAFD-7B73-4186-99EF-B0D33AAAD364}.Release|x86.Build.0 = Release|Any CPU
	EndGlobalSection
	GlobalSection(SolutionProperties) = preSolution
		HideSolutionNode = FALSE
	EndGlobalSection
	GlobalSection(ExtensibilityGlobals) = postSolution
		SolutionGuid = {A7E59E31-56DE-4CE8-A06A-5BEA6464B384}
	EndGlobalSection
EndGlobal
